// !$*UTF8*$!
{
	archiveVersion = 1;
	classes = {
	};
	objectVersion = 46;
	objects = {

/* Begin PBXBuildFile section */
		9AAE4D8618125E9800BB44E6 /* second.png in Resources */ = {isa = PBXBuildFile; fileRef = 9AAE4D8518125E9800BB44E6 /* second.png */; };
		9AAE4D8818125E9F00BB44E6 /* third.png in Resources */ = {isa = PBXBuildFile; fileRef = 9AAE4D8718125E9F00BB44E6 /* third.png */; };
		9AAE4D8E1812615300BB44E6 /* fourth.png in Resources */ = {isa = PBXBuildFile; fileRef = 9AAE4D8D1812615300BB44E6 /* fourth.png */; };
		9AB862B71811601300827689 /* UIKit.framework in Frameworks */ = {isa = PBXBuildFile; fileRef = 9AB862B61811601300827689 /* UIKit.framework */; };
		9AB862B91811601300827689 /* Foundation.framework in Frameworks */ = {isa = PBXBuildFile; fileRef = 9AB862B81811601300827689 /* Foundation.framework */; };
		9AB862BB1811601300827689 /* CoreGraphics.framework in Frameworks */ = {isa = PBXBuildFile; fileRef = 9AB862BA1811601300827689 /* CoreGraphics.framework */; };
		9AB862C11811601300827689 /* InfoPlist.strings in Resources */ = {isa = PBXBuildFile; fileRef = 9AB862BF1811601300827689 /* InfoPlist.strings */; };
		9AB862C31811601300827689 /* main.m in Sources */ = {isa = PBXBuildFile; fileRef = 9AB862C21811601300827689 /* main.m */; };
		9AB862C71811601400827689 /* AppDelegate.m in Sources */ = {isa = PBXBuildFile; fileRef = 9AB862C61811601400827689 /* AppDelegate.m */; };
		9AB862C91811601400827689 /* Default.png in Resources */ = {isa = PBXBuildFile; fileRef = 9AB862C81811601400827689 /* Default.png */; };
		9AB862CB1811601400827689 /* Default@2x.png in Resources */ = {isa = PBXBuildFile; fileRef = 9AB862CA1811601400827689 /* Default@2x.png */; };
		9AB862CD1811601400827689 /* Default-568h@2x.png in Resources */ = {isa = PBXBuildFile; fileRef = 9AB862CC1811601400827689 /* Default-568h@2x.png */; };
		9AB862D51811605C00827689 /* HeadlinesTableView.m in Sources */ = {isa = PBXBuildFile; fileRef = 9AB862D41811605C00827689 /* HeadlinesTableView.m */; };
		9AB862D8181160A500827689 /* HealinesViewController.m in Sources */ = {isa = PBXBuildFile; fileRef = 9AB862D7181160A500827689 /* HealinesViewController.m */; };
		9AC741C3181254D9006297E7 /* first.png in Resources */ = {isa = PBXBuildFile; fileRef = 9AC741BF181254D9006297E7 /* first.png */; };
/* End PBXBuildFile section */

/* Begin PBXFileReference section */
		9AAE4D8518125E9800BB44E6 /* second.png */ = {isa = PBXFileReference; lastKnownFileType = image.png; path = second.png; sourceTree = "<group>"; };
		9AAE4D8718125E9F00BB44E6 /* third.png */ = {isa = PBXFileReference; lastKnownFileType = image.png; path = third.png; sourceTree = "<group>"; };
		9AAE4D8D1812615300BB44E6 /* fourth.png */ = {isa = PBXFileReference; lastKnownFileType = image.png; name = fourth.png; path = Headlines/Images/fourth.png; sourceTree = SOURCE_ROOT; };
		9AB862B31811601300827689 /* Headlines.app */ = {isa = PBXFileReference; explicitFileType = wrapper.application; includeInIndex = 0; path = Headlines.app; sourceTree = BUILT_PRODUCTS_DIR; };
		9AB862B61811601300827689 /* UIKit.framework */ = {isa = PBXFileReference; lastKnownFileType = wrapper.framework; name = UIKit.framework; path = System/Library/Frameworks/UIKit.framework; sourceTree = SDKROOT; };
		9AB862B81811601300827689 /* Foundation.framework */ = {isa = PBXFileReference; lastKnownFileType = wrapper.framework; name = Foundation.framework; path = System/Library/Frameworks/Foundation.framework; sourceTree = SDKROOT; };
		9AB862BA1811601300827689 /* CoreGraphics.framework */ = {isa = PBXFileReference; lastKnownFileType = wrapper.framework; name = CoreGraphics.framework; path = System/Library/Frameworks/CoreGraphics.framework; sourceTree = SDKROOT; };
		9AB862BE1811601300827689 /* Headlines-Info.plist */ = {isa = PBXFileReference; lastKnownFileType = text.plist.xml; path = "Headlines-Info.plist"; sourceTree = "<group>"; };
		9AB862C01811601300827689 /* en */ = {isa = PBXFileReference; lastKnownFileType = text.plist.strings; name = en; path = en.lproj/InfoPlist.strings; sourceTree = "<group>"; };
		9AB862C21811601300827689 /* main.m */ = {isa = PBXFileReference; lastKnownFileType = sourcecode.c.objc; path = main.m; sourceTree = "<group>"; };
		9AB862C41811601400827689 /* Headlines-Prefix.pch */ = {isa = PBXFileReference; lastKnownFileType = sourcecode.c.h; path = "Headlines-Prefix.pch"; sourceTree = "<group>"; };
		9AB862C51811601400827689 /* AppDelegate.h */ = {isa = PBXFileReference; lastKnownFileType = sourcecode.c.h; path = AppDelegate.h; sourceTree = "<group>"; };
		9AB862C61811601400827689 /* AppDelegate.m */ = {isa = PBXFileReference; lastKnownFileType = sourcecode.c.objc; path = AppDelegate.m; sourceTree = "<group>"; };
		9AB862C81811601400827689 /* Default.png */ = {isa = PBXFileReference; lastKnownFileType = image.png; path = Default.png; sourceTree = "<group>"; };
		9AB862CA1811601400827689 /* Default@2x.png */ = {isa = PBXFileReference; lastKnownFileType = image.png; path = "Default@2x.png"; sourceTree = "<group>"; };
		9AB862CC1811601400827689 /* Default-568h@2x.png */ = {isa = PBXFileReference; lastKnownFileType = image.png; path = "Default-568h@2x.png"; sourceTree = "<group>"; };
		9AB862D31811605C00827689 /* HeadlinesTableView.h */ = {isa = PBXFileReference; fileEncoding = 4; lastKnownFileType = sourcecode.c.h; path = HeadlinesTableView.h; sourceTree = "<group>"; };
		9AB862D41811605C00827689 /* HeadlinesTableView.m */ = {isa = PBXFileReference; fileEncoding = 4; lastKnownFileType = sourcecode.c.objc; path = HeadlinesTableView.m; sourceTree = "<group>"; };
		9AB862D6181160A500827689 /* HealinesViewController.h */ = {isa = PBXFileReference; fileEncoding = 4; lastKnownFileType = sourcecode.c.h; path = HealinesViewController.h; sourceTree = "<group>"; };
		9AB862D7181160A500827689 /* HealinesViewController.m */ = {isa = PBXFileReference; fileEncoding = 4; lastKnownFileType = sourcecode.c.objc; path = HealinesViewController.m; sourceTree = "<group>"; };
		9AC741BF181254D9006297E7 /* first.png */ = {isa = PBXFileReference; lastKnownFileType = image.png; path = first.png; sourceTree = "<group>"; };
/* End PBXFileReference section */

/* Begin PBXFrameworksBuildPhase section */
		9AB862B01811601300827689 /* Frameworks */ = {
			isa = PBXFrameworksBuildPhase;
			buildActionMask = 2147483647;
			files = (
				9AB862B71811601300827689 /* UIKit.framework in Frameworks */,
				9AB862B91811601300827689 /* Foundation.framework in Frameworks */,
				9AB862BB1811601300827689 /* CoreGraphics.framework in Frameworks */,
			);
			runOnlyForDeploymentPostprocessing = 0;
		};
/* End PBXFrameworksBuildPhase section */

/* Begin PBXGroup section */
		9AB862AA1811601300827689 = {
			isa = PBXGroup;
			children = (
				9AB862BC1811601300827689 /* Headlines */,
				9AB862B51811601300827689 /* Frameworks */,
				9AB862B41811601300827689 /* Products */,
			);
			sourceTree = "<group>";
		};
		9AB862B41811601300827689 /* Products */ = {
			isa = PBXGroup;
			children = (
				9AB862B31811601300827689 /* Headlines.app */,
			);
			name = Products;
			sourceTree = "<group>";
		};
		9AB862B51811601300827689 /* Frameworks */ = {
			isa = PBXGroup;
			children = (
				9AB862B61811601300827689 /* UIKit.framework */,
				9AB862B81811601300827689 /* Foundation.framework */,
				9AB862BA1811601300827689 /* CoreGraphics.framework */,
			);
			name = Frameworks;
			sourceTree = "<group>";
		};
		9AB862BC1811601300827689 /* Headlines */ = {
			isa = PBXGroup;
			children = (
				9AB862C51811601400827689 /* AppDelegate.h */,
				9AB862C61811601400827689 /* AppDelegate.m */,
				9AB862D31811605C00827689 /* HeadlinesTableView.h */,
				9AB862D41811605C00827689 /* HeadlinesTableView.m */,
				9AB862D6181160A500827689 /* HealinesViewController.h */,
				9AB862D7181160A500827689 /* HealinesViewController.m */,
				9AB862BD1811601300827689 /* Supporting Files */,
			);
			path = Headlines;
			sourceTree = "<group>";
		};
		9AB862BD1811601300827689 /* Supporting Files */ = {
			isa = PBXGroup;
			children = (
				9AC741BB181254D9006297E7 /* images */,
				9AB862BE1811601300827689 /* Headlines-Info.plist */,
				9AB862BF1811601300827689 /* InfoPlist.strings */,
				9AB862C21811601300827689 /* main.m */,
				9AB862C41811601400827689 /* Headlines-Prefix.pch */,
				9AB862C81811601400827689 /* Default.png */,
				9AB862CA1811601400827689 /* Default@2x.png */,
				9AB862CC1811601400827689 /* Default-568h@2x.png */,
			);
			name = "Supporting Files";
			sourceTree = "<group>";
		};
		9AC741BB181254D9006297E7 /* images */ = {
			isa = PBXGroup;
			children = (
				9AC741BF181254D9006297E7 /* first.png */,
				9AAE4D8518125E9800BB44E6 /* second.png */,
				9AAE4D8718125E9F00BB44E6 /* third.png */,
				9AAE4D8D1812615300BB44E6 /* fourth.png */,
			);
			path = images;
			sourceTree = "<group>";
		};
/* End PBXGroup section */

/* Begin PBXNativeTarget section */
		9AB862B21811601300827689 /* Headlines */ = {
			isa = PBXNativeTarget;
			buildConfigurationList = 9AB862D01811601400827689 /* Build configuration list for PBXNativeTarget "Headlines" */;
			buildPhases = (
				9AB862AF1811601300827689 /* Sources */,
				9AB862B01811601300827689 /* Frameworks */,
				9AB862B11811601300827689 /* Resources */,
			);
			buildRules = (
			);
			dependencies = (
			);
			name = Headlines;
			productName = Headlines;
			productReference = 9AB862B31811601300827689 /* Headlines.app */;
			productType = "com.apple.product-type.application";
		};
/* End PBXNativeTarget section */

/* Begin PBXProject section */
		9AB862AB1811601300827689 /* Project object */ = {
			isa = PBXProject;
			attributes = {
				LastUpgradeCheck = 0460;
				ORGANIZATIONNAME = lunajin;
			};
			buildConfigurationList = 9AB862AE1811601300827689 /* Build configuration list for PBXProject "Headlines" */;
			compatibilityVersion = "Xcode 3.2";
			developmentRegion = English;
			hasScannedForEncodings = 0;
			knownRegions = (
				en,
			);
			mainGroup = 9AB862AA1811601300827689;
			productRefGroup = 9AB862B41811601300827689 /* Products */;
			projectDirPath = "";
			projectRoot = "";
			targets = (
				9AB862B21811601300827689 /* Headlines */,
			);
		};
/* End PBXProject section */

/* Begin PBXResourcesBuildPhase section */
		9AB862B11811601300827689 /* Resources */ = {
			isa = PBXResourcesBuildPhase;
			buildActionMask = 2147483647;
			files = (
				9AB862C11811601300827689 /* InfoPlist.strings in Resources */,
				9AB862C91811601400827689 /* Default.png in Resources */,
				9AB862CB1811601400827689 /* Default@2x.png in Resources */,
				9AB862CD1811601400827689 /* Default-568h@2x.png in Resources */,
				9AC741C3181254D9006297E7 /* first.png in Resources */,
				9AAE4D8618125E9800BB44E6 /* second.png in Resources */,
				9AAE4D8818125E9F00BB44E6 /* third.png in Resources */,
				9AAE4D8E1812615300BB44E6 /* fourth.png in Resources */,
			);
			runOnlyForDeploymentPostprocessing = 0;
		};
/* End PBXResourcesBuildPhase section */

/* Begin PBXSourcesBuildPhase section */
		9AB862AF1811601300827689 /* Sources */ = {
			isa = PBXSourcesBuildPhase;
			buildActionMask = 2147483647;
			files = (
				9AB862C31811601300827689 /* main.m in Sources */,
				9AB862C71811601400827689 /* AppDelegate.m in Sources */,
				9AB862D51811605C00827689 /* HeadlinesTableView.m in Sources */,
				9AB862D8181160A500827689 /* HealinesViewController.m in Sources */,
			);
			runOnlyForDeploymentPostprocessing = 0;
		};
/* End PBXSourcesBuildPhase section */

/* Begin PBXVariantGroup section */
		9AB862BF1811601300827689 /* InfoPlist.strings */ = {
			isa = PBXVariantGroup;
			children = (
				9AB862C01811601300827689 /* en */,
			);
			name = InfoPlist.strings;
			sourceTree = "<group>";
		};
/* End PBXVariantGroup section */

/* Begin XCBuildConfiguration section */
		9AB862CE1811601400827689 /* Debug */ = {
			isa = XCBuildConfiguration;
			buildSettings = {
				ALWAYS_SEARCH_USER_PATHS = NO;
				CLANG_CXX_LANGUAGE_STANDARD = "gnu++0x";
				CLANG_CXX_LIBRARY = "libc++";
				CLANG_ENABLE_OBJC_ARC = YES;
				CLANG_WARN_CONSTANT_CONVERSION = YES;
				CLANG_WARN_EMPTY_BODY = YES;
				CLANG_WARN_ENUM_CONVERSION = YES;
				CLANG_WARN_INT_CONVERSION = YES;
				CLANG_WARN__DUPLICATE_METHOD_MATCH = YES;
				"CODE_SIGN_IDENTITY[sdk=iphoneos*]" = "iPhone Developer";
				COPY_PHASE_STRIP = NO;
				GCC_C_LANGUAGE_STANDARD = gnu99;
				GCC_DYNAMIC_NO_PIC = NO;
				GCC_OPTIMIZATION_LEVEL = 0;
				GCC_PREPROCESSOR_DEFINITIONS = (
					"DEBUG=1",
					"$(inherited)",
				);
				GCC_SYMBOLS_PRIVATE_EXTERN = NO;
				GCC_WARN_ABOUT_RETURN_TYPE = YES;
				GCC_WARN_UNINITIALIZED_AUTOS = YES;
				GCC_WARN_UNUSED_VARIABLE = YES;
				IPHONEOS_DEPLOYMENT_TARGET = 6.1;
				ONLY_ACTIVE_ARCH = YES;
				SDKROOT = iphoneos;
			};
			name = Debug;
		};
		9AB862CF1811601400827689 /* Release */ = {
			isa = XCBuildConfiguration;
			buildSettings = {
				ALWAYS_SEARCH_USER_PATHS = NO;
				CLANG_CXX_LANGUAGE_STANDARD = "gnu++0x";
				CLANG_CXX_LIBRARY = "libc++";
				CLANG_ENABLE_OBJC_ARC = YES;
				CLANG_WARN_CONSTANT_CONVERSION = YES;
				CLANG_WARN_EMPTY_BODY = YES;
				CLANG_WARN_ENUM_CONVERSION = YES;
				CLANG_WARN_INT_CONVERSION = YES;
				CLANG_WARN__DUPLICATE_METHOD_MATCH = YES;
				"CODE_SIGN_IDENTITY[sdk=iphoneos*]" = "iPhone Developer";
				COPY_PHASE_STRIP = YES;
				GCC_C_LANGUAGE_STANDARD = gnu99;
				GCC_WARN_ABOUT_RETURN_TYPE = YES;
				GCC_WARN_UNINITIALIZED_AUTOS = YES;
				GCC_WARN_UNUSED_VARIABLE = YES;
				IPHONEOS_DEPLOYMENT_TARGET = 6.1;
				OTHER_CFLAGS = "-DNS_BLOCK_ASSERTIONS=1";
				SDKROOT = iphoneos;
				VALIDATE_PRODUCT = YES;
			};
			name = Release;
		};
		9AB862D11811601400827689 /* Debug */ = {
			isa = XCBuildConfiguration;
			buildSettings = {
				GCC_PRECOMPILE_PREFIX_HEADER = YES;
				GCC_PREFIX_HEADER = "Headlines/Headlines-Prefix.pch";
				INFOPLIST_FILE = "Headlines/Headlines-Info.plist";
				PRODUCT_NAME = "$(TARGET_NAME)";
				WRAPPER_EXTENSION = app;
			};
			name = Debug;
		};
		9AB862D21811601400827689 /* Release */ = {
			isa = XCBuildConfiguration;
			buildSettings = {
				GCC_PRECOMPILE_PREFIX_HEADER = YES;
				GCC_PREFIX_HEADER = "Headlines/Headlines-Prefix.pch";
				INFOPLIST_FILE = "Headlines/Headlines-Info.plist";
				PRODUCT_NAME = "$(TARGET_NAME)";
				WRAPPER_EXTENSION = app;
			};
			name = Release;
		};
/* End XCBuildConfiguration section */

/* Begin XCConfigurationList section */
		9AB862AE1811601300827689 /* Build configuration list for PBXProject "Headlines" */ = {
			isa = XCConfigurationList;
			buildConfigurations = (
				9AB862CE1811601400827689 /* Debug */,
				9AB862CF1811601400827689 /* Release */,
			);
			defaultConfigurationIsVisible = 0;
			defaultConfigurationName = Release;
		};
		9AB862D01811601400827689 /* Build configuration list for PBXNativeTarget "Headlines" */ = {
			isa = XCConfigurationList;
			buildConfigurations = (
				9AB862D11811601400827689 /* Debug */,
				9AB862D21811601400827689 /* Release */,
			);
			defaultConfigurationIsVisible = 0;
			defaultConfigurationName = Release;
		};
/* End XCConfigurationList section */
	};
	rootObject = 9AB862AB1811601300827689 /* Project object */;
}
